
Microsoft Visual Studio Solution File, Format Version 12.00
# Visual Studio 15
Project("{FAE04EC0-301F-11D3-BF4B-00C04F79EFBC}") = "Plant_Sale_Tool", "Plant_Sale_Tool\Plant_Sale_Tool.csproj", "{D8C26DCB-A405-4216-ABC4-18D9A25034B6}"
EndProject
Global
	GlobalSection(SolutionConfigurationPlatforms) = preSolution
		Debug|Any CPU = Debug|Any CPU
		Release|Any CPU = Release|Any CPU
	EndGlobalSection
	GlobalSection(ProjectConfigurationPlatforms) = postSolution
		{D8C26DCB-A405-4216-ABC4-18D9A25034B6}.Debug|Any CPU.ActiveCfg = Debug|Any CPU
		{D8C26DCB-A405-4216-ABC4-18D9A25034B6}.Debug|Any CPU.Build.0 = Debug|Any CPU
		{D8C26DCB-A405-4216-ABC4-18D9A25034B6}.Release|Any CPU.ActiveCfg = Release|Any CPU
		{D8C26DCB-A405-4216-ABC4-18D9A25034B6}.Release|Any CPU.Build.0 = Release|Any CPU
	EndGlobalSection
EndGlobal
